// !$*UTF8*$!
{
	archiveVersion = 1;
	classes = {
	};
	objectVersion = 51;
	objects = {

/* Begin PBXBuildFile section */
		8A4078F6232ED19A00C25502 /* ViewController2.swift in Sources */ = {isa = PBXBuildFile; fileRef = 8A4078F5232ED19A00C25502 /* ViewController2.swift */; };
		8AFCE187232EAE8D00495FA9 /* AppDelegate.swift in Sources */ = {isa = PBXBuildFile; fileRef = 8AFCE186232EAE8D00495FA9 /* AppDelegate.swift */; };
		8AFCE189232EAE8D00495FA9 /* ViewController.swift in Sources */ = {isa = PBXBuildFile; fileRef = 8AFCE188232EAE8D00495FA9 /* ViewController.swift */; };
		8AFCE18C232EAE8D00495FA9 /* Main.storyboard in Resources */ = {isa = PBXBuildFile; fileRef = 8AFCE18A232EAE8D00495FA9 /* Main.storyboard */; };
		8AFCE18F232EAE8D00495FA9 /* floatyProject.xcdatamodeld in Sources */ = {isa = PBXBuildFile; fileRef = 8AFCE18D232EAE8D00495FA9 /* floatyProject.xcdatamodeld */; };
		8AFCE191232EAE9000495FA9 /* Assets.xcassets in Resources */ = {isa = PBXBuildFile; fileRef = 8AFCE190232EAE9000495FA9 /* Assets.xcassets */; };
		8AFCE194232EAE9000495FA9 /* LaunchScreen.storyboard in Resources */ = {isa = PBXBuildFile; fileRef = 8AFCE192232EAE9000495FA9 /* LaunchScreen.storyboard */; };
		8AFCE19F232EAE9000495FA9 /* floatyProjectTests.swift in Sources */ = {isa = PBXBuildFile; fileRef = 8AFCE19E232EAE9000495FA9 /* floatyProjectTests.swift */; };
		8AFCE1AA232EAE9000495FA9 /* floatyProjectUITests.swift in Sources */ = {isa = PBXBuildFile; fileRef = 8AFCE1A9232EAE9000495FA9 /* floatyProjectUITests.swift */; };
		E8FAA69FEA903DF7888E85D0 /* Pods_floatyProject.framework in Frameworks */ = {isa = PBXBuildFile; fileRef = 05AD1033FC99E2C948C26F0E /* Pods_floatyProject.framework */; };
/* End PBXBuildFile section */

/* Begin PBXContainerItemProxy section */
		8AFCE19B232EAE9000495FA9 /* PBXContainerItemProxy */ = {
			isa = PBXContainerItemProxy;
			containerPortal = 8AFCE17B232EAE8D00495FA9 /* Project object */;
			proxyType = 1;
			remoteGlobalIDString = 8AFCE182232EAE8D00495FA9;
			remoteInfo = floatyProject;
		};
		8AFCE1A6232EAE9000495FA9 /* PBXContainerItemProxy */ = {
			isa = PBXContainerItemProxy;
			containerPortal = 8AFCE17B232EAE8D00495FA9 /* Project object */;
			proxyType = 1;
			remoteGlobalIDString = 8AFCE182232EAE8D00495FA9;
			remoteInfo = floatyProject;
		};
/* End PBXContainerItemProxy section */

/* Begin PBXFileReference section */
		05AD1033FC99E2C948C26F0E /* Pods_floatyProject.framework */ = {isa = PBXFileReference; explicitFileType = wrapper.framework; includeInIndex = 0; path = Pods_floatyProject.framework; sourceTree = BUILT_PRODUCTS_DIR; };
		3844E15FFD842F1FF8E6C370 /* Pods-floatyProject.debug.xcconfig */ = {isa = PBXFileReference; includeInIndex = 1; lastKnownFileType = text.xcconfig; name = "Pods-floatyProject.debug.xcconfig"; path = "Target Support Files/Pods-floatyProject/Pods-floatyProject.debug.xcconfig"; sourceTree = "<group>"; };
		8A4078F5232ED19A00C25502 /* ViewController2.swift */ = {isa = PBXFileReference; lastKnownFileType = sourcecode.swift; path = ViewController2.swift; sourceTree = "<group>"; };
		8AFCE183232EAE8D00495FA9 /* floatyProject.app */ = {isa = PBXFileReference; explicitFileType = wrapper.application; includeInIndex = 0; path = floatyProject.app; sourceTree = BUILT_PRODUCTS_DIR; };
		8AFCE186232EAE8D00495FA9 /* AppDelegate.swift */ = {isa = PBXFileReference; lastKnownFileType = sourcecode.swift; path = AppDelegate.swift; sourceTree = "<group>"; };
		8AFCE188232EAE8D00495FA9 /* ViewController.swift */ = {isa = PBXFileReference; lastKnownFileType = sourcecode.swift; path = ViewController.swift; sourceTree = "<group>"; };
		8AFCE18B232EAE8D00495FA9 /* Base */ = {isa = PBXFileReference; lastKnownFileType = file.storyboard; name = Base; path = Base.lproj/Main.storyboard; sourceTree = "<group>"; };
		8AFCE18E232EAE8D00495FA9 /* floatyProject.xcdatamodel */ = {isa = PBXFileReference; lastKnownFileType = wrapper.xcdatamodel; path = floatyProject.xcdatamodel; sourceTree = "<group>"; };
		8AFCE190232EAE9000495FA9 /* Assets.xcassets */ = {isa = PBXFileReference; lastKnownFileType = folder.assetcatalog; path = Assets.xcassets; sourceTree = "<group>"; };
		8AFCE193232EAE9000495FA9 /* Base */ = {isa = PBXFileReference; lastKnownFileType = file.storyboard; name = Base; path = Base.lproj/LaunchScreen.storyboard; sourceTree = "<group>"; };
		8AFCE195232EAE9000495FA9 /* Info.plist */ = {isa = PBXFileReference; lastKnownFileType = text.plist.xml; path = Info.plist; sourceTree = "<group>"; };
		8AFCE19A232EAE9000495FA9 /* floatyProjectTests.xctest */ = {isa = PBXFileReference; explicitFileType = wrapper.cfbundle; includeInIndex = 0; path = floatyProjectTests.xctest; sourceTree = BUILT_PRODUCTS_DIR; };
		8AFCE19E232EAE9000495FA9 /* floatyProjectTests.swift */ = {isa = PBXFileReference; lastKnownFileType = sourcecode.swift; path = floatyProjectTests.swift; sourceTree = "<group>"; };
		8AFCE1A0232EAE9000495FA9 /* Info.plist */ = {isa = PBXFileReference; lastKnownFileType = text.plist.xml; path = Info.plist; sourceTree = "<group>"; };
		8AFCE1A5232EAE9000495FA9 /* floatyProjectUITests.xctest */ = {isa = PBXFileReference; explicitFileType = wrapper.cfbundle; includeInIndex = 0; path = floatyProjectUITests.xctest; sourceTree = BUILT_PRODUCTS_DIR; };
		8AFCE1A9232EAE9000495FA9 /* floatyProjectUITests.swift */ = {isa = PBXFileReference; lastKnownFileType = sourcecode.swift; path = floatyProjectUITests.swift; sourceTree = "<group>"; };
		8AFCE1AB232EAE9000495FA9 /* Info.plist */ = {isa = PBXFileReference; lastKnownFileType = text.plist.xml; path = Info.plist; sourceTree = "<group>"; };
		8F085CCF9937530A6C0D4CFF /* Pods-floatyProject.release.xcconfig */ = {isa = PBXFileReference; includeInIndex = 1; lastKnownFileType = text.xcconfig; name = "Pods-floatyProject.release.xcconfig"; path = "Target Support Files/Pods-floatyProject/Pods-floatyProject.release.xcconfig"; sourceTree = "<group>"; };
/* End PBXFileReference section */

/* Begin PBXFrameworksBuildPhase section */
		8AFCE180232EAE8D00495FA9 /* Frameworks */ = {
			isa = PBXFrameworksBuildPhase;
			buildActionMask = 2147483647;
			files = (
				E8FAA69FEA903DF7888E85D0 /* Pods_floatyProject.framework in Frameworks */,
			);
			runOnlyForDeploymentPostprocessing = 0;
		};
		8AFCE197232EAE9000495FA9 /* Frameworks */ = {
			isa = PBXFrameworksBuildPhase;
			buildActionMask = 2147483647;
			files = (
			);
			runOnlyForDeploymentPostprocessing = 0;
		};
		8AFCE1A2232EAE9000495FA9 /* Frameworks */ = {
			isa = PBXFrameworksBuildPhase;
			buildActionMask = 2147483647;
			files = (
			);
			runOnlyForDeploymentPostprocessing = 0;
		};
/* End PBXFrameworksBuildPhase section */

/* Begin PBXGroup section */
		0A861603048AFB3179EB4031 /* Frameworks */ = {
			isa = PBXGroup;
			children = (
				05AD1033FC99E2C948C26F0E /* Pods_floatyProject.framework */,
			);
			name = Frameworks;
			sourceTree = "<group>";
		};
		8AFCE17A232EAE8D00495FA9 = {
			isa = PBXGroup;
			children = (
				8AFCE185232EAE8D00495FA9 /* floatyProject */,
				8AFCE19D232EAE9000495FA9 /* floatyProjectTests */,
				8AFCE1A8232EAE9000495FA9 /* floatyProjectUITests */,
				8AFCE184232EAE8D00495FA9 /* Products */,
				DAC8D11EC0C288909D5583A5 /* Pods */,
				0A861603048AFB3179EB4031 /* Frameworks */,
			);
			sourceTree = "<group>";
		};
		8AFCE184232EAE8D00495FA9 /* Products */ = {
			isa = PBXGroup;
			children = (
				8AFCE183232EAE8D00495FA9 /* floatyProject.app */,
				8AFCE19A232EAE9000495FA9 /* floatyProjectTests.xctest */,
				8AFCE1A5232EAE9000495FA9 /* floatyProjectUITests.xctest */,
			);
			name = Products;
			sourceTree = "<group>";
		};
		8AFCE185232EAE8D00495FA9 /* floatyProject */ = {
			isa = PBXGroup;
			children = (
				8AFCE186232EAE8D00495FA9 /* AppDelegate.swift */,
				8AFCE188232EAE8D00495FA9 /* ViewController.swift */,
				8A4078F5232ED19A00C25502 /* ViewController2.swift */,
				8AFCE18A232EAE8D00495FA9 /* Main.storyboard */,
				8AFCE190232EAE9000495FA9 /* Assets.xcassets */,
				8AFCE192232EAE9000495FA9 /* LaunchScreen.storyboard */,
				8AFCE195232EAE9000495FA9 /* Info.plist */,
				8AFCE18D232EAE8D00495FA9 /* floatyProject.xcdatamodeld */,
			);
			path = floatyProject;
			sourceTree = "<group>";
		};
		8AFCE19D232EAE9000495FA9 /* floatyProjectTests */ = {
			isa = PBXGroup;
			children = (
				8AFCE19E232EAE9000495FA9 /* floatyProjectTests.swift */,
				8AFCE1A0232EAE9000495FA9 /* Info.plist */,
			);
			path = floatyProjectTests;
			sourceTree = "<group>";
		};
		8AFCE1A8232EAE9000495FA9 /* floatyProjectUITests */ = {
			isa = PBXGroup;
			children = (
				8AFCE1A9232EAE9000495FA9 /* floatyProjectUITests.swift */,
				8AFCE1AB232EAE9000495FA9 /* Info.plist */,
			);
			path = floatyProjectUITests;
			sourceTree = "<group>";
		};
		DAC8D11EC0C288909D5583A5 /* Pods */ = {
			isa = PBXGroup;
			children = (
				3844E15FFD842F1FF8E6C370 /* Pods-floatyProject.debug.xcconfig */,
				8F085CCF9937530A6C0D4CFF /* Pods-floatyProject.release.xcconfig */,
			);
			path = Pods;
			sourceTree = "<group>";
		};
/* End PBXGroup section */

/* Begin PBXNativeTarget section */
		8AFCE182232EAE8D00495FA9 /* floatyProject */ = {
			isa = PBXNativeTarget;
			buildConfigurationList = 8AFCE1AE232EAE9000495FA9 /* Build configuration list for PBXNativeTarget "floatyProject" */;
			buildPhases = (
				91E84612F7789948701402C6 /* [CP] Check Pods Manifest.lock */,
				8AFCE17F232EAE8D00495FA9 /* Sources */,
				8AFCE180232EAE8D00495FA9 /* Frameworks */,
				8AFCE181232EAE8D00495FA9 /* Resources */,
				FF888AABDA8AE7C630C47222 /* [CP] Embed Pods Frameworks */,
			);
			buildRules = (
			);
			dependencies = (
			);
			name = floatyProject;
			productName = floatyProject;
			productReference = 8AFCE183232EAE8D00495FA9 /* floatyProject.app */;
			productType = "com.apple.product-type.application";
		};
		8AFCE199232EAE9000495FA9 /* floatyProjectTests */ = {
			isa = PBXNativeTarget;
			buildConfigurationList = 8AFCE1B1232EAE9000495FA9 /* Build configuration list for PBXNativeTarget "floatyProjectTests" */;
			buildPhases = (
				8AFCE196232EAE9000495FA9 /* Sources */,
				8AFCE197232EAE9000495FA9 /* Frameworks */,
				8AFCE198232EAE9000495FA9 /* Resources */,
			);
			buildRules = (
			);
			dependencies = (
				8AFCE19C232EAE9000495FA9 /* PBXTargetDependency */,
			);
			name = floatyProjectTests;
			productName = floatyProjectTests;
			productReference = 8AFCE19A232EAE9000495FA9 /* floatyProjectTests.xctest */;
			productType = "com.apple.product-type.bundle.unit-test";
		};
		8AFCE1A4232EAE9000495FA9 /* floatyProjectUITests */ = {
			isa = PBXNativeTarget;
			buildConfigurationList = 8AFCE1B4232EAE9000495FA9 /* Build configuration list for PBXNativeTarget "floatyProjectUITests" */;
			buildPhases = (
				8AFCE1A1232EAE9000495FA9 /* Sources */,
				8AFCE1A2232EAE9000495FA9 /* Frameworks */,
				8AFCE1A3232EAE9000495FA9 /* Resources */,
			);
			buildRules = (
			);
			dependencies = (
				8AFCE1A7232EAE9000495FA9 /* PBXTargetDependency */,
			);
			name = floatyProjectUITests;
			productName = floatyProjectUITests;
			productReference = 8AFCE1A5232EAE9000495FA9 /* floatyProjectUITests.xctest */;
			productType = "com.apple.product-type.bundle.ui-testing";
		};
/* End PBXNativeTarget section */

/* Begin PBXProject section */
		8AFCE17B232EAE8D00495FA9 /* Project object */ = {
			isa = PBXProject;
			attributes = {
				LastSwiftUpdateCheck = 1020;
				LastUpgradeCheck = 1020;
				ORGANIZATIONNAME = edu.data;
				TargetAttributes = {
					8AFCE182232EAE8D00495FA9 = {
						CreatedOnToolsVersion = 10.2.1;
					};
					8AFCE199232EAE9000495FA9 = {
						CreatedOnToolsVersion = 10.2.1;
						TestTargetID = 8AFCE182232EAE8D00495FA9;
					};
					8AFCE1A4232EAE9000495FA9 = {
						CreatedOnToolsVersion = 10.2.1;
						TestTargetID = 8AFCE182232EAE8D00495FA9;
					};
				};
			};
			buildConfigurationList = 8AFCE17E232EAE8D00495FA9 /* Build configuration list for PBXProject "floatyProject" */;
			compatibilityVersion = "Xcode 9.3";
			developmentRegion = en;
			hasScannedForEncodings = 0;
			knownRegions = (
				en,
				Base,
			);
			mainGroup = 8AFCE17A232EAE8D00495FA9;
			productRefGroup = 8AFCE184232EAE8D00495FA9 /* Products */;
			projectDirPath = "";
			projectRoot = "";
			targets = (
				8AFCE182232EAE8D00495FA9 /* floatyProject */,
				8AFCE199232EAE9000495FA9 /* floatyProjectTests */,
				8AFCE1A4232EAE9000495FA9 /* floatyProjectUITests */,
			);
		};
/* End PBXProject section */

/* Begin PBXResourcesBuildPhase section */
		8AFCE181232EAE8D00495FA9 /* Resources */ = {
			isa = PBXResourcesBuildPhase;
			buildActionMask = 2147483647;
			files = (
				8AFCE194232EAE9000495FA9 /* LaunchScreen.storyboard in Resources */,
				8AFCE191232EAE9000495FA9 /* Assets.xcassets in Resources */,
				8AFCE18C232EAE8D00495FA9 /* Main.storyboard in Resources */,
			);
			runOnlyForDeploymentPostprocessing = 0;
		};
		8AFCE198232EAE9000495FA9 /* Resources */ = {
			isa = PBXResourcesBuildPhase;
			buildActionMask = 2147483647;
			files = (
			);
			runOnlyForDeploymentPostprocessing = 0;
		};
		8AFCE1A3232EAE9000495FA9 /* Resources */ = {
			isa = PBXResourcesBuildPhase;
			buildActionMask = 2147483647;
			files = (
			);
			runOnlyForDeploymentPostprocessing = 0;
		};
/* End PBXResourcesBuildPhase section */

/* Begin PBXShellScriptBuildPhase section */
		91E84612F7789948701402C6 /* [CP] Check Pods Manifest.lock */ = {
			isa = PBXShellScriptBuildPhase;
			buildActionMask = 2147483647;
			files = (
			);
			inputFileListPaths = (
			);
			inputPaths = (
				"${PODS_PODFILE_DIR_PATH}/Podfile.lock",
				"${PODS_ROOT}/Manifest.lock",
			);
			name = "[CP] Check Pods Manifest.lock";
			outputFileListPaths = (
			);
			outputPaths = (
				"$(DERIVED_FILE_DIR)/Pods-floatyProject-checkManifestLockResult.txt",
			);
			runOnlyForDeploymentPostprocessing = 0;
			shellPath = /bin/sh;
			shellScript = "diff \"${PODS_PODFILE_DIR_PATH}/Podfile.lock\" \"${PODS_ROOT}/Manifest.lock\" > /dev/null\nif [ $? != 0 ] ; then\n    # print error to STDERR\n    echo \"error: The sandbox is not in sync with the Podfile.lock. Run 'pod install' or update your CocoaPods installation.\" >&2\n    exit 1\nfi\n# This output is used by Xcode 'outputs' to avoid re-running this script phase.\necho \"SUCCESS\" > \"${SCRIPT_OUTPUT_FILE_0}\"\n";
			showEnvVarsInLog = 0;
		};
		FF888AABDA8AE7C630C47222 /* [CP] Embed Pods Frameworks */ = {
			isa = PBXShellScriptBuildPhase;
			buildActionMask = 2147483647;
			files = (
			);
			inputFileListPaths = (
				"${PODS_ROOT}/Target Support Files/Pods-floatyProject/Pods-floatyProject-frameworks-${CONFIGURATION}-input-files.xcfilelist",
			);
			name = "[CP] Embed Pods Frameworks";
			outputFileListPaths = (
				"${PODS_ROOT}/Target Support Files/Pods-floatyProject/Pods-floatyProject-frameworks-${CONFIGURATION}-output-files.xcfilelist",
			);
			runOnlyForDeploymentPostprocessing = 0;
			shellPath = /bin/sh;
			shellScript = "\"${PODS_ROOT}/Target Support Files/Pods-floatyProject/Pods-floatyProject-frameworks.sh\"\n";
			showEnvVarsInLog = 0;
		};
/* End PBXShellScriptBuildPhase section */

/* Begin PBXSourcesBuildPhase section */
		8AFCE17F232EAE8D00495FA9 /* Sources */ = {
			isa = PBXSourcesBuildPhase;
			buildActionMask = 2147483647;
			files = (
				8AFCE18F232EAE8D00495FA9 /* floatyProject.xcdatamodeld in Sources */,
				8A4078F6232ED19A00C25502 /* ViewController2.swift in Sources */,
				8AFCE189232EAE8D00495FA9 /* ViewController.swift in Sources */,
				8AFCE187232EAE8D00495FA9 /* AppDelegate.swift in Sources */,
			);
			runOnlyForDeploymentPostprocessing = 0;
		};
		8AFCE196232EAE9000495FA9 /* Sources */ = {
			isa = PBXSourcesBuildPhase;
			buildActionMask = 2147483647;
			files = (
				8AFCE19F232EAE9000495FA9 /* floatyProjectTests.swift in Sources */,
			);
			runOnlyForDeploymentPostprocessing = 0;
		};
		8AFCE1A1232EAE9000495FA9 /* Sources */ = {
			isa = PBXSourcesBuildPhase;
			buildActionMask = 2147483647;
			files = (
				8AFCE1AA232EAE9000495FA9 /* floatyProjectUITests.swift in Sources */,
			);
			runOnlyForDeploymentPostprocessing = 0;
		};
/* End PBXSourcesBuildPhase section */

/* Begin PBXTargetDependency section */
		8AFCE19C232EAE9000495FA9 /* PBXTargetDependency */ = {
			isa = PBXTargetDependency;
			target = 8AFCE182232EAE8D00495FA9 /* floatyProject */;
			targetProxy = 8AFCE19B232EAE9000495FA9 /* PBXContainerItemProxy */;
		};
		8AFCE1A7232EAE9000495FA9 /* PBXTargetDependency */ = {
			isa = PBXTargetDependency;
			target = 8AFCE182232EAE8D00495FA9 /* floatyProject */;
			targetProxy = 8AFCE1A6232EAE9000495FA9 /* PBXContainerItemProxy */;
		};
/* End PBXTargetDependency section */

/* Begin PBXVariantGroup section */
		8AFCE18A232EAE8D00495FA9 /* Main.storyboard */ = {
			isa = PBXVariantGroup;
			children = (
				8AFCE18B232EAE8D00495FA9 /* Base */,
			);
			name = Main.storyboard;
			sourceTree = "<group>";
		};
		8AFCE192232EAE9000495FA9 /* LaunchScreen.storyboard */ = {
			isa = PBXVariantGroup;
			children = (
				8AFCE193232EAE9000495FA9 /* Base */,
			);
			name = LaunchScreen.storyboard;
			sourceTree = "<group>";
		};
/* End PBXVariantGroup section */

/* Begin XCBuildConfiguration section */
		8AFCE1AC232EAE9000495FA9 /* Debug */ = {
			isa = XCBuildConfiguration;
			buildSettings = {
				ALWAYS_SEARCH_USER_PATHS = NO;
				CLANG_ANALYZER_NONNULL = YES;
				CLANG_ANALYZER_NUMBER_OBJECT_CONVERSION = YES_AGGRESSIVE;
				CLANG_CXX_LANGUAGE_STANDARD = "gnu++14";
				CLANG_CXX_LIBRARY = "libc++";
				CLANG_ENABLE_MODULES = YES;
				CLANG_ENABLE_OBJC_ARC = YES;
				CLANG_ENABLE_OBJC_WEAK = YES;
				CLANG_WARN_BLOCK_CAPTURE_AUTORELEASING = YES;
				CLANG_WARN_BOOL_CONVERSION = YES;
				CLANG_WARN_COMMA = YES;
				CLANG_WARN_CONSTANT_CONVERSION = YES;
				CLANG_WARN_DEPRECATED_OBJC_IMPLEMENTATIONS = YES;
				CLANG_WARN_DIRECT_OBJC_ISA_USAGE = YES_ERROR;
				CLANG_WARN_DOCUMENTATION_COMMENTS = YES;
				CLANG_WARN_EMPTY_BODY = YES;
				CLANG_WARN_ENUM_CONVERSION = YES;
				CLANG_WARN_INFINITE_RECURSION = YES;
				CLANG_WARN_INT_CONVERSION = YES;
				CLANG_WARN_NON_LITERAL_NULL_CONVERSION = YES;
				CLANG_WARN_OBJC_IMPLICIT_RETAIN_SELF = YES;
				CLANG_WARN_OBJC_LITERAL_CONVERSION = YES;
				CLANG_WARN_OBJC_ROOT_CLASS = YES_ERROR;
				CLANG_WARN_RANGE_LOOP_ANALYSIS = YES;
				CLANG_WARN_STRICT_PROTOTYPES = YES;
				CLANG_WARN_SUSPICIOUS_MOVE = YES;
				CLANG_WARN_UNGUARDED_AVAILABILITY = YES_AGGRESSIVE;
				CLANG_WARN_UNREACHABLE_CODE = YES;
				CLANG_WARN__DUPLICATE_METHOD_MATCH = YES;
				CODE_SIGN_IDENTITY = "iPhone Developer";
				COPY_PHASE_STRIP = NO;
				DEBUG_INFORMATION_FORMAT = dwarf;
				ENABLE_STRICT_OBJC_MSGSEND = YES;
				ENABLE_TESTABILITY = YES;
				GCC_C_LANGUAGE_STANDARD = gnu11;
				GCC_DYNAMIC_NO_PIC = NO;
				GCC_NO_COMMON_BLOCKS = YES;
				GCC_OPTIMIZATION_LEVEL = 0;
				GCC_PREPROCESSOR_DEFINITIONS = (
					"DEBUG=1",
					"$(inherited)",
				);
				GCC_WARN_64_TO_32_BIT_CONVERSION = YES;
				GCC_WARN_ABOUT_RETURN_TYPE = YES_ERROR;
				GCC_WARN_UNDECLARED_SELECTOR = YES;
				GCC_WARN_UNINITIALIZED_AUTOS = YES_AGGRESSIVE;
				GCC_WARN_UNUSED_FUNCTION = YES;
				GCC_WARN_UNUSED_VARIABLE = YES;
				IPHONEOS_DEPLOYMENT_TARGET = 12.2;
				MTL_ENABLE_DEBUG_INFO = INCLUDE_SOURCE;
				MTL_FAST_MATH = YES;
				ONLY_ACTIVE_ARCH = YES;
				SDKROOT = iphoneos;
				SWIFT_ACTIVE_COMPILATION_CONDITIONS = DEBUG;
				SWIFT_OPTIMIZATION_LEVEL = "-Onone";
			};
			name = Debug;
		};
		8AFCE1AD232EAE9000495FA9 /* Release */ = {
			isa = XCBuildConfiguration;
			buildSettings = {
				ALWAYS_SEARCH_USER_PATHS = NO;
				CLANG_ANALYZER_NONNULL = YES;
				CLANG_ANALYZER_NUMBER_OBJECT_CONVERSION = YES_AGGRESSIVE;
				CLANG_CXX_LANGUAGE_STANDARD = "gnu++14";
				CLANG_CXX_LIBRARY = "libc++";
				CLANG_ENABLE_MODULES = YES;
				CLANG_ENABLE_OBJC_ARC = YES;
				CLANG_ENABLE_OBJC_WEAK = YES;
				CLANG_WARN_BLOCK_CAPTURE_AUTORELEASING = YES;
				CLANG_WARN_BOOL_CONVERSION = YES;
				CLANG_WARN_COMMA = YES;
				CLANG_WARN_CONSTANT_CONVERSION = YES;
				CLANG_WARN_DEPRECATED_OBJC_IMPLEMENTATIONS = YES;
				CLANG_WARN_DIRECT_OBJC_ISA_USAGE = YES_ERROR;
				CLANG_WARN_DOCUMENTATION_COMMENTS = YES;
				CLANG_WARN_EMPTY_BODY = YES;
				CLANG_WARN_ENUM_CONVERSION = YES;
				CLANG_WARN_INFINITE_RECURSION = YES;
				CLANG_WARN_INT_CONVERSION = YES;
				CLANG_WARN_NON_LITERAL_NULL_CONVERSION = YES;
				CLANG_WARN_OBJC_IMPLICIT_RETAIN_SELF = YES;
				CLANG_WARN_OBJC_LITERAL_CONVERSION = YES;
				CLANG_WARN_OBJC_ROOT_CLASS = YES_ERROR;
				CLANG_WARN_RANGE_LOOP_ANALYSIS = YES;
				CLANG_WARN_STRICT_PROTOTYPES = YES;
				CLANG_WARN_SUSPICIOUS_MOVE = YES;
				CLANG_WARN_UNGUARDED_AVAILABILITY = YES_AGGRESSIVE;
				CLANG_WARN_UNREACHABLE_CODE = YES;
				CLANG_WARN__DUPLICATE_METHOD_MATCH = YES;
				CODE_SIGN_IDENTITY = "iPhone Developer";
				COPY_PHASE_STRIP = NO;
				DEBUG_INFORMATION_FORMAT = "dwarf-with-dsym";
				ENABLE_NS_ASSERTIONS = NO;
				ENABLE_STRICT_OBJC_MSGSEND = YES;
				GCC_C_LANGUAGE_STANDARD = gnu11;
				GCC_NO_COMMON_BLOCKS = YES;
				GCC_WARN_64_TO_32_BIT_CONVERSION = YES;
				GCC_WARN_ABOUT_RETURN_TYPE = YES_ERROR;
				GCC_WARN_UNDECLARED_SELECTOR = YES;
				GCC_WARN_UNINITIALIZED_AUTOS = YES_AGGRESSIVE;
				GCC_WARN_UNUSED_FUNCTION = YES;
				GCC_WARN_UNUSED_VARIABLE = YES;
				IPHONEOS_DEPLOYMENT_TARGET = 12.2;
				MTL_ENABLE_DEBUG_INFO = NO;
				MTL_FAST_MATH = YES;
				SDKROOT = iphoneos;
				SWIFT_COMPILATION_MODE = wholemodule;
				SWIFT_OPTIMIZATION_LEVEL = "-O";
				VALIDATE_PRODUCT = YES;
			};
			name = Release;
		};
		8AFCE1AF232EAE9000495FA9 /* Debug */ = {
			isa = XCBuildConfiguration;
			baseConfigurationReference = 3844E15FFD842F1FF8E6C370 /* Pods-floatyProject.debug.xcconfig */;
			buildSettings = {
				ASSETCATALOG_COMPILER_APPICON_NAME = AppIcon;
				CODE_SIGN_STYLE = Automatic;
				INFOPLIST_FILE = floatyProject/Info.plist;
				IPHONEOS_DEPLOYMENT_TARGET = 12.0;
				LD_RUNPATH_SEARCH_PATHS = (
					"$(inherited)",
					"@executable_path/Frameworks",
				);
				PRODUCT_BUNDLE_IDENTIFIER = FCI.floatyProject;
				PRODUCT_NAME = "$(TARGET_NAME)";
				SWIFT_VERSION = 5.0;
				TARGETED_DEVICE_FAMILY = "1,2";
			};
			name = Debug;
		};
		8AFCE1B0232EAE9000495FA9 /* Release */ = {
			isa = XCBuildConfiguration;
			baseConfigurationReference = 8F085CCF9937530A6C0D4CFF /* Pods-floatyProject.release.xcconfig */;
			buildSettings = {
				ASSETCATALOG_COMPILER_APPICON_NAME = AppIcon;
				CODE_SIGN_STYLE = Automatic;
				INFOPLIST_FILE = floatyProject/Info.plist;
				IPHONEOS_DEPLOYMENT_TARGET = 12.0;
				LD_RUNPATH_SEARCH_PATHS = (
					"$(inherited)",
					"@executable_path/Frameworks",
				);
				PRODUCT_BUNDLE_IDENTIFIER = FCI.floatyProject;
				PRODUCT_NAME = "$(TARGET_NAME)";
				SWIFT_VERSION = 5.0;
				TARGETED_DEVICE_FAMILY = "1,2";
			};
			name = Release;
		};
		8AFCE1B2232EAE9000495FA9 /* Debug */ = {
			isa = XCBuildConfiguration;
			buildSettings = {
				ALWAYS_EMBED_SWIFT_STANDARD_LIBRARIES = YES;
				BUNDLE_LOADER = "$(TEST_HOST)";
				CODE_SIGN_STYLE = Automatic;
				INFOPLIST_FILE = floatyProjectTests/Info.plist;
				LD_RUNPATH_SEARCH_PATHS = (
					"$(inherited)",
					"@executable_path/Frameworks",
					"@loader_path/Frameworks",
				);
				PRODUCT_BUNDLE_IDENTIFIER = FCI.floatyProjectTests;
				PRODUCT_NAME = "$(TARGET_NAME)";
				SWIFT_VERSION = 5.0;
				TARGETED_DEVICE_FAMILY = "1,2";
				TEST_HOST = "$(BUILT_PRODUCTS_DIR)/floatyProject.app/floatyProject";
			};
			name = Debug;
		};
		8AFCE1B3232EAE9000495FA9 /* Release */ = {
			isa = XCBuildConfiguration;
			buildSettings = {
				ALWAYS_EMBED_SWIFT_STANDARD_LIBRARIES = YES;
				BUNDLE_LOADER = "$(TEST_HOST)";
				CODE_SIGN_STYLE = Automatic;
				INFOPLIST_FILE = floatyProjectTests/Info.plist;
				LD_RUNPATH_SEARCH_PATHS = (
					"$(inherited)",
					"@executable_path/Frameworks",
					"@loader_path/Frameworks",
				);
				PRODUCT_BUNDLE_IDENTIFIER = FCI.floatyProjectTests;
				PRODUCT_NAME = "$(TARGET_NAME)";
				SWIFT_VERSION = 5.0;
				TARGETED_DEVICE_FAMILY = "1,2";
				TEST_HOST = "$(BUILT_PRODUCTS_DIR)/floatyProject.app/floatyProject";
			};
			name = Release;
		};
		8AFCE1B5232EAE9000495FA9 /* Debug */ = {
			isa = XCBuildConfiguration;
			buildSettings = {
				ALWAYS_EMBED_SWIFT_STANDARD_LIBRARIES = YES;
				CODE_SIGN_STYLE = Automatic;
				INFOPLIST_FILE = floatyProjectUITests/Info.plist;
				LD_RUNPATH_SEARCH_PATHS = (
					"$(inherited)",
					"@executable_path/Frameworks",
					"@loader_path/Frameworks",
				);
				PRODUCT_BUNDLE_IDENTIFIER = FCI.floatyProjectUITests;
				PRODUCT_NAME = "$(TARGET_NAME)";
				SWIFT_VERSION = 5.0;
				TARGETED_DEVICE_FAMILY = "1,2";
				TEST_TARGET_NAME = floatyProject;
			};
			name = Debug;
		};
		8AFCE1B6232EAE9000495FA9 /* Release */ = {
			isa = XCBuildConfiguration;
			buildSettings = {
				ALWAYS_EMBED_SWIFT_STANDARD_LIBRARIES = YES;
				CODE_SIGN_STYLE = Automatic;
				INFOPLIST_FILE = floatyProjectUITests/Info.plist;
				LD_RUNPATH_SEARCH_PATHS = (
					"$(inherited)",
					"@executable_path/Frameworks",
					"@loader_path/Frameworks",
				);
				PRODUCT_BUNDLE_IDENTIFIER = FCI.floatyProjectUITests;
				PRODUCT_NAME = "$(TARGET_NAME)";
				SWIFT_VERSION = 5.0;
				TARGETED_DEVICE_FAMILY = "1,2";
				TEST_TARGET_NAME = floatyProject;
			};
			name = Release;
		};
/* End XCBuildConfiguration section */

/* Begin XCConfigurationList section */
		8AFCE17E232EAE8D00495FA9 /* Build configuration list for PBXProject "floatyProject" */ = {
			isa = XCConfigurationList;
			buildConfigurations = (
				8AFCE1AC232EAE9000495FA9 /* Debug */,
				8AFCE1AD232EAE9000495FA9 /* Release */,
			);
			defaultConfigurationIsVisible = 0;
			defaultConfigurationName = Release;
		};
		8AFCE1AE232EAE9000495FA9 /* Build configuration list for PBXNativeTarget "floatyProject" */ = {
			isa = XCConfigurationList;
			buildConfigurations = (
				8AFCE1AF232EAE9000495FA9 /* Debug */,
				8AFCE1B0232EAE9000495FA9 /* Release */,
			);
			defaultConfigurationIsVisible = 0;
			defaultConfigurationName = Release;
		};
		8AFCE1B1232EAE9000495FA9 /* Build configuration list for PBXNativeTarget "floatyProjectTests" */ = {
			isa = XCConfigurationList;
			buildConfigurations = (
				8AFCE1B2232EAE9000495FA9 /* Debug */,
				8AFCE1B3232EAE9000495FA9 /* Release */,
			);
			defaultConfigurationIsVisible = 0;
			defaultConfigurationName = Release;
		};
		8AFCE1B4232EAE9000495FA9 /* Build configuration list for PBXNativeTarget "floatyProjectUITests" */ = {
			isa = XCConfigurationList;
			buildConfigurations = (
				8AFCE1B5232EAE9000495FA9 /* Debug */,
				8AFCE1B6232EAE9000495FA9 /* Release */,
			);
			defaultConfigurationIsVisible = 0;
			defaultConfigurationName = Release;
		};
/* End XCConfigurationList section */

/* Begin XCVersionGroup section */
		8AFCE18D232EAE8D00495FA9 /* floatyProject.xcdatamodeld */ = {
			isa = XCVersionGroup;
			children = (
				8AFCE18E232EAE8D00495FA9 /* floatyProject.xcdatamodel */,
			);
			currentVersion = 8AFCE18E232EAE8D00495FA9 /* floatyProject.xcdatamodel */;
			path = floatyProject.xcdatamodeld;
			sourceTree = "<group>";
			versionGroupType = wrapper.xcdatamodel;
		};
/* End XCVersionGroup section */
	};
	rootObject = 8AFCE17B232EAE8D00495FA9 /* Project object */;
}
